
Microsoft Visual Studio Solution File, Format Version 12.00
# Visual Studio Version 17
VisualStudioVersion = 17.0.31919.166
MinimumVisualStudioVersion = 10.0.40219.1
Project("{FAE04EC0-301F-11D3-BF4B-00C04F79EFBC}") = "monastery_api", "monastery_api\monastery_api.csproj", "{443C056E-901A-45F5-BF27-29970C505F22}"
EndProject
Global
	GlobalSection(SolutionConfigurationPlatforms) = preSolution
		Debug|Any CPU = Debug|Any CPU
		Release|Any CPU = Release|Any CPU
	EndGlobalSection
	GlobalSection(ProjectConfigurationPlatforms) = postSolution
		{443C056E-901A-45F5-BF27-29970C505F22}.Debug|Any CPU.ActiveCfg = Debug|Any CPU
		{443C056E-901A-45F5-BF27-29970C505F22}.Debug|Any CPU.Build.0 = Debug|Any CPU
		{443C056E-901A-45F5-BF27-29970C505F22}.Release|Any CPU.ActiveCfg = Release|Any CPU
		{443C056E-901A-45F5-BF27-29970C505F22}.Release|Any CPU.Build.0 = Release|Any CPU
	EndGlobalSection
	GlobalSection(SolutionProperties) = preSolution
		HideSolutionNode = FALSE
	EndGlobalSection
	GlobalSection(ExtensibilityGlobals) = postSolution
		SolutionGuid = {1F9F4C09-B639-4676-81D0-C2363B2978EF}
	EndGlobalSection
EndGlobal
